
Microsoft Visual Studio Solution File, Format Version 12.00
# Visual Studio Version 17
VisualStudioVersion = 17.7.34221.43
MinimumVisualStudioVersion = 10.0.40219.1
Project("{9A19103F-16F7-4668-BE54-9A1E7A4F7556}") = "Text_RPG", "Dungeon\Text_RPG.csproj", "{A4A267DA-3271-4308-9764-15B9461E0FFD}"
EndProject
Global
	GlobalSection(SolutionConfigurationPlatforms) = preSolution
		Debug|Any CPU = Debug|Any CPU
		Release|Any CPU = Release|Any CPU
	EndGlobalSection
	GlobalSection(ProjectConfigurationPlatforms) = postSolution
		{A4A267DA-3271-4308-9764-15B9461E0FFD}.Debug|Any CPU.ActiveCfg = Debug|Any CPU
		{A4A267DA-3271-4308-9764-15B9461E0FFD}.Debug|Any CPU.Build.0 = Debug|Any CPU
		{A4A267DA-3271-4308-9764-15B9461E0FFD}.Release|Any CPU.ActiveCfg = Release|Any CPU
		{A4A267DA-3271-4308-9764-15B9461E0FFD}.Release|Any CPU.Build.0 = Release|Any CPU
	EndGlobalSection
	GlobalSection(SolutionProperties) = preSolution
		HideSolutionNode = FALSE
	EndGlobalSection
	GlobalSection(ExtensibilityGlobals) = postSolution
		SolutionGuid = {B824B58C-CAA1-4B19-97D0-BC70B5D1006C}
	EndGlobalSection
EndGlobal
